dependencies:
- name: standalone
  repository: file://./charts/standalone
  version: 0.0.0
- name: prometheus
  repository: oci://ghcr.io/prometheus-community/charts
  version: 28.9.1
- name: victoria-logs-single
  repository: https://victoriametrics.github.io/helm-charts
  version: 0.11.26
- name: postgres-operator
  repository: https://opensource.zalando.com/postgres-operator/charts/postgres-operator
  version: 1.15.1
digest: sha256:d3daeb93f64e698396dc077eb263d2fd0e8ef4eed06a594fc3eae8826cdd01fd
generated: "2026-02-16T14:50:57.123547+02:00"
