dependencies:
- name: prometheus
  repository: oci://ghcr.io/prometheus-community/charts
  version: 28.9.1
- name: victoria-logs-single
  repository: https://victoriametrics.github.io/helm-charts
  version: 0.11.26
- name: postgres-operator
  repository: https://opensource.zalando.com/postgres-operator/charts/postgres-operator
  version: 1.15.1
digest: sha256:869393a19855f2122f6b6d5d324e88eb47c878d627cb063ae7705ab0b62b0cd5
generated: "2026-02-16T15:24:36.073417+02:00"
